
Microsoft Visual Studio Solution File, Format Version 12.00
# Visual Studio Version 16
VisualStudioVersion = 16.0.32228.343
MinimumVisualStudioVersion = 10.0.40219.1
Project("{9A19103F-16F7-4668-BE54-9A1E7A4F7556}") = "WebShopApp", "WebShopApp\WebShopApp.csproj", "{FEB9C4B0-FCEF-420B-BB9B-0FD1CF88017E}"
	ProjectSection(ProjectDependencies) = postProject
		{9FF03D56-567A-4CB5-98FF-BCA19D35F197} = {9FF03D56-567A-4CB5-98FF-BCA19D35F197}
	EndProjectSection
EndProject
Project("{2150E333-8FDC-42A3-9474-1A3956D46DE8}") = "src", "src", "{B57BE91A-85D6-4DA4-8FFD-DA5D4B414BF2}"
EndProject
Project("{2150E333-8FDC-42A3-9474-1A3956D46DE8}") = "Web", "Web", "{F2BD73F7-8B31-47B8-9973-80B6050A80E1}"
EndProject
Project("{2150E333-8FDC-42A3-9474-1A3956D46DE8}") = "WebMVC", "WebMVC", "{1272A6CD-DE22-4EFE-A976-F1428A137CAD}"
EndProject
Project("{2150E333-8FDC-42A3-9474-1A3956D46DE8}") = "WepSPA", "WepSPA", "{3740BBC8-EC0C-4541-B5F7-0091B511F2C3}"
EndProject
Project("{2150E333-8FDC-42A3-9474-1A3956D46DE8}") = "ApiGateways", "ApiGateways", "{74013922-0BF8-4C42-9D41-F8EA85E5814D}"
EndProject
Project("{2150E333-8FDC-42A3-9474-1A3956D46DE8}") = "WebAPI", "WebAPI", "{769787D5-23EC-4CF5-BF8E-9334A9BECA75}"
EndProject
Project("{9A19103F-16F7-4668-BE54-9A1E7A4F7556}") = "WebShopAPI", "WebShopAPI\WebShopAPI.csproj", "{C172507C-FB09-4B55-956C-46D18ABCE6C8}"
EndProject
Project("{9A19103F-16F7-4668-BE54-9A1E7A4F7556}") = "WepShopAppSPA", "WepShopAppSPA\WepShopAppSPA.csproj", "{EB63AA5F-9C7E-4EA0-9758-E916EEF46915}"
EndProject
Project("{2150E333-8FDC-42A3-9474-1A3956D46DE8}") = "Libraries", "Libraries", "{D014CB83-B80E-4E57-BC9B-D9940C628E3C}"
EndProject
Project("{FAE04EC0-301F-11D3-BF4B-00C04F79EFBC}") = "ClassLibraryDB", "ClassLibraryDB\ClassLibraryDB.csproj", "{9FF03D56-567A-4CB5-98FF-BCA19D35F197}"
EndProject
Global
	GlobalSection(SolutionConfigurationPlatforms) = preSolution
		Debug|Any CPU = Debug|Any CPU
		Release|Any CPU = Release|Any CPU
	EndGlobalSection
	GlobalSection(ProjectConfigurationPlatforms) = postSolution
		{FEB9C4B0-FCEF-420B-BB9B-0FD1CF88017E}.Debug|Any CPU.ActiveCfg = Debug|Any CPU
		{FEB9C4B0-FCEF-420B-BB9B-0FD1CF88017E}.Debug|Any CPU.Build.0 = Debug|Any CPU
		{FEB9C4B0-FCEF-420B-BB9B-0FD1CF88017E}.Release|Any CPU.ActiveCfg = Release|Any CPU
		{FEB9C4B0-FCEF-420B-BB9B-0FD1CF88017E}.Release|Any CPU.Build.0 = Release|Any CPU
		{C172507C-FB09-4B55-956C-46D18ABCE6C8}.Debug|Any CPU.ActiveCfg = Debug|Any CPU
		{C172507C-FB09-4B55-956C-46D18ABCE6C8}.Debug|Any CPU.Build.0 = Debug|Any CPU
		{C172507C-FB09-4B55-956C-46D18ABCE6C8}.Release|Any CPU.ActiveCfg = Release|Any CPU
		{C172507C-FB09-4B55-956C-46D18ABCE6C8}.Release|Any CPU.Build.0 = Release|Any CPU
		{EB63AA5F-9C7E-4EA0-9758-E916EEF46915}.Debug|Any CPU.ActiveCfg = Debug|Any CPU
		{EB63AA5F-9C7E-4EA0-9758-E916EEF46915}.Debug|Any CPU.Build.0 = Debug|Any CPU
		{EB63AA5F-9C7E-4EA0-9758-E916EEF46915}.Release|Any CPU.ActiveCfg = Release|Any CPU
		{EB63AA5F-9C7E-4EA0-9758-E916EEF46915}.Release|Any CPU.Build.0 = Release|Any CPU
		{9FF03D56-567A-4CB5-98FF-BCA19D35F197}.Debug|Any CPU.ActiveCfg = Debug|Any CPU
		{9FF03D56-567A-4CB5-98FF-BCA19D35F197}.Debug|Any CPU.Build.0 = Debug|Any CPU
		{9FF03D56-567A-4CB5-98FF-BCA19D35F197}.Release|Any CPU.ActiveCfg = Release|Any CPU
		{9FF03D56-567A-4CB5-98FF-BCA19D35F197}.Release|Any CPU.Build.0 = Release|Any CPU
	EndGlobalSection
	GlobalSection(SolutionProperties) = preSolution
		HideSolutionNode = FALSE
	EndGlobalSection
	GlobalSection(NestedProjects) = preSolution
		{FEB9C4B0-FCEF-420B-BB9B-0FD1CF88017E} = {1272A6CD-DE22-4EFE-A976-F1428A137CAD}
		{F2BD73F7-8B31-47B8-9973-80B6050A80E1} = {B57BE91A-85D6-4DA4-8FFD-DA5D4B414BF2}
		{1272A6CD-DE22-4EFE-A976-F1428A137CAD} = {F2BD73F7-8B31-47B8-9973-80B6050A80E1}
		{3740BBC8-EC0C-4541-B5F7-0091B511F2C3} = {F2BD73F7-8B31-47B8-9973-80B6050A80E1}
		{74013922-0BF8-4C42-9D41-F8EA85E5814D} = {B57BE91A-85D6-4DA4-8FFD-DA5D4B414BF2}
		{769787D5-23EC-4CF5-BF8E-9334A9BECA75} = {74013922-0BF8-4C42-9D41-F8EA85E5814D}
		{C172507C-FB09-4B55-956C-46D18ABCE6C8} = {769787D5-23EC-4CF5-BF8E-9334A9BECA75}
		{EB63AA5F-9C7E-4EA0-9758-E916EEF46915} = {3740BBC8-EC0C-4541-B5F7-0091B511F2C3}
		{D014CB83-B80E-4E57-BC9B-D9940C628E3C} = {B57BE91A-85D6-4DA4-8FFD-DA5D4B414BF2}
		{9FF03D56-567A-4CB5-98FF-BCA19D35F197} = {D014CB83-B80E-4E57-BC9B-D9940C628E3C}
	EndGlobalSection
	GlobalSection(ExtensibilityGlobals) = postSolution
		SolutionGuid = {53DB2593-261A-4735-BCAA-91D5F8F5AAD0}
	EndGlobalSection
EndGlobal
